
Microsoft Visual Studio Solution File, Format Version 12.00
Project("{2150E333-8FDC-42A3-9474-1A3956D46DE8}") = "src", "src", "{BB78B557-3015-48EE-BD71-AB15E87304AE}"
EndProject
Project("{2150E333-8FDC-42A3-9474-1A3956D46DE8}") = "tests", "tests", "{BE990EB3-5DE7-44F6-9467-86CEBEC4E9C6}"
EndProject
Project("{2150E333-8FDC-42A3-9474-1A3956D46DE8}") = "Shared", "Shared", "{98798A7C-9C77-4C74-BDC8-387FABF5F207}"
EndProject
Project("{2150E333-8FDC-42A3-9474-1A3956D46DE8}") = "Modules", "Modules", "{A2F27C94-BEFA-4D21-8B99-E5F42B6093C0}"
EndProject
Project("{2150E333-8FDC-42A3-9474-1A3956D46DE8}") = "Identity", "Identity", "{1830E5B2-8A2C-4B60-B9BF-7A7113A9836A}"
EndProject
Project("{2150E333-8FDC-42A3-9474-1A3956D46DE8}") = "src", "src", "{5B7D3DF4-41CC-4064-AF28-E304AAE43B89}"
EndProject
Project("{2150E333-8FDC-42A3-9474-1A3956D46DE8}") = "tests", "tests", "{8F3626E6-6248-453E-88BA-13521011CAFD}"
EndProject
Project("{2150E333-8FDC-42A3-9474-1A3956D46DE8}") = "src", "src", "{19995B79-716F-46FD-BBBA-DF957B2B13B8}"
EndProject
Project("{2150E333-8FDC-42A3-9474-1A3956D46DE8}") = "tests", "tests", "{12B01591-F2E7-4A48-A8BC-870E784EB762}"
EndProject
Project("{2150E333-8FDC-42A3-9474-1A3956D46DE8}") = "LMS", "LMS", "{6CC775E0-B88C-4AC3-A18E-257BBEE2020F}"
EndProject
Project("{2150E333-8FDC-42A3-9474-1A3956D46DE8}") = "CMS", "CMS", "{D4D37B2F-87D5-482A-861B-DD7FC24AD433}"
EndProject
Project("{2150E333-8FDC-42A3-9474-1A3956D46DE8}") = "src", "src", "{B5F5A71A-A011-4A44-AB1A-EA00B13B32CC}"
EndProject
Project("{2150E333-8FDC-42A3-9474-1A3956D46DE8}") = "tests", "tests", "{D9381546-E0F5-4CBF-81F3-34F1372D24FC}"
EndProject
Project("{2150E333-8FDC-42A3-9474-1A3956D46DE8}") = "src", "src", "{739700C0-B229-4EB6-B329-7A93064B53A2}"
EndProject
Project("{2150E333-8FDC-42A3-9474-1A3956D46DE8}") = "tests", "tests", "{95EA2362-52D6-4401-AD60-9AE5AB928C06}"
EndProject
Global
	GlobalSection(SolutionConfigurationPlatforms) = preSolution
		Debug|Any CPU = Debug|Any CPU
		Release|Any CPU = Release|Any CPU
	EndGlobalSection
	GlobalSection(NestedProjects) = preSolution
		{98798A7C-9C77-4C74-BDC8-387FABF5F207} = {BB78B557-3015-48EE-BD71-AB15E87304AE}
		{A2F27C94-BEFA-4D21-8B99-E5F42B6093C0} = {BB78B557-3015-48EE-BD71-AB15E87304AE}
		{1830E5B2-8A2C-4B60-B9BF-7A7113A9836A} = {A2F27C94-BEFA-4D21-8B99-E5F42B6093C0}
		{5B7D3DF4-41CC-4064-AF28-E304AAE43B89} = {1830E5B2-8A2C-4B60-B9BF-7A7113A9836A}
		{8F3626E6-6248-453E-88BA-13521011CAFD} = {1830E5B2-8A2C-4B60-B9BF-7A7113A9836A}
		{19995B79-716F-46FD-BBBA-DF957B2B13B8} = {98798A7C-9C77-4C74-BDC8-387FABF5F207}
		{12B01591-F2E7-4A48-A8BC-870E784EB762} = {98798A7C-9C77-4C74-BDC8-387FABF5F207}
		{6CC775E0-B88C-4AC3-A18E-257BBEE2020F} = {A2F27C94-BEFA-4D21-8B99-E5F42B6093C0}
		{D4D37B2F-87D5-482A-861B-DD7FC24AD433} = {A2F27C94-BEFA-4D21-8B99-E5F42B6093C0}
		{B5F5A71A-A011-4A44-AB1A-EA00B13B32CC} = {D4D37B2F-87D5-482A-861B-DD7FC24AD433}
		{D9381546-E0F5-4CBF-81F3-34F1372D24FC} = {D4D37B2F-87D5-482A-861B-DD7FC24AD433}
		{739700C0-B229-4EB6-B329-7A93064B53A2} = {6CC775E0-B88C-4AC3-A18E-257BBEE2020F}
		{95EA2362-52D6-4401-AD60-9AE5AB928C06} = {6CC775E0-B88C-4AC3-A18E-257BBEE2020F}
	EndGlobalSection
EndGlobal
